
Microsoft Visual Studio Solution File, Format Version 12.00
# Visual Studio Version 16
VisualStudioVersion = 16.0.31112.23
MinimumVisualStudioVersion = 10.0.40219.1
Project("{FAE04EC0-301F-11D3-BF4B-00C04F79EFBC}") = "DataAccess", "DataAccess\DataAccess.csproj", "{8AF98E43-BE4E-44D2-ABF6-FA5F21BC325B}"
EndProject
Project("{FAE04EC0-301F-11D3-BF4B-00C04F79EFBC}") = "Business", "Business\Business.csproj", "{0AC3C6D8-73C3-4A8F-B605-818067E1491B}"
EndProject
Project("{FAE04EC0-301F-11D3-BF4B-00C04F79EFBC}") = "Entities", "Entities\Entities.csproj", "{6A63E111-20B4-4BCE-9E48-62201BB8E5D0}"
EndProject
Project("{FAE04EC0-301F-11D3-BF4B-00C04F79EFBC}") = "ConsoleUI", "Console\ConsoleUI.csproj", "{DF87FA4D-5909-4313-A20C-427748129991}"
EndProject
Global
	GlobalSection(SolutionConfigurationPlatforms) = preSolution
		Debug|Any CPU = Debug|Any CPU
		Release|Any CPU = Release|Any CPU
	EndGlobalSection
	GlobalSection(ProjectConfigurationPlatforms) = postSolution
		{8AF98E43-BE4E-44D2-ABF6-FA5F21BC325B}.Debug|Any CPU.ActiveCfg = Debug|Any CPU
		{8AF98E43-BE4E-44D2-ABF6-FA5F21BC325B}.Debug|Any CPU.Build.0 = Debug|Any CPU
		{8AF98E43-BE4E-44D2-ABF6-FA5F21BC325B}.Release|Any CPU.ActiveCfg = Release|Any CPU
		{8AF98E43-BE4E-44D2-ABF6-FA5F21BC325B}.Release|Any CPU.Build.0 = Release|Any CPU
		{0AC3C6D8-73C3-4A8F-B605-818067E1491B}.Debug|Any CPU.ActiveCfg = Debug|Any CPU
		{0AC3C6D8-73C3-4A8F-B605-818067E1491B}.Debug|Any CPU.Build.0 = Debug|Any CPU
		{0AC3C6D8-73C3-4A8F-B605-818067E1491B}.Release|Any CPU.ActiveCfg = Release|Any CPU
		{0AC3C6D8-73C3-4A8F-B605-818067E1491B}.Release|Any CPU.Build.0 = Release|Any CPU
		{6A63E111-20B4-4BCE-9E48-62201BB8E5D0}.Debug|Any CPU.ActiveCfg = Debug|Any CPU
		{6A63E111-20B4-4BCE-9E48-62201BB8E5D0}.Debug|Any CPU.Build.0 = Debug|Any CPU
		{6A63E111-20B4-4BCE-9E48-62201BB8E5D0}.Release|Any CPU.ActiveCfg = Release|Any CPU
		{6A63E111-20B4-4BCE-9E48-62201BB8E5D0}.Release|Any CPU.Build.0 = Release|Any CPU
		{DF87FA4D-5909-4313-A20C-427748129991}.Debug|Any CPU.ActiveCfg = Debug|Any CPU
		{DF87FA4D-5909-4313-A20C-427748129991}.Debug|Any CPU.Build.0 = Debug|Any CPU
		{DF87FA4D-5909-4313-A20C-427748129991}.Release|Any CPU.ActiveCfg = Release|Any CPU
		{DF87FA4D-5909-4313-A20C-427748129991}.Release|Any CPU.Build.0 = Release|Any CPU
	EndGlobalSection
	GlobalSection(SolutionProperties) = preSolution
		HideSolutionNode = FALSE
	EndGlobalSection
	GlobalSection(ExtensibilityGlobals) = postSolution
		SolutionGuid = {1E8A5EE3-5E37-4D8D-B171-EFC63739CB5F}
	EndGlobalSection
EndGlobal
